
Microsoft Visual Studio Solution File, Format Version 12.00
# Visual Studio Version 17
VisualStudioVersion = 17.14.36623.8 d17.14
MinimumVisualStudioVersion = 10.0.40219.1
Project("{888888A0-9F3D-457C-B088-3A5042F75D52}") = "breast_Cancer_ML.py", "breast_Cancer_ML.py.pyproj", "{F4649D4A-C150-401F-A1E0-620105A66367}"
EndProject
Global
	GlobalSection(SolutionConfigurationPlatforms) = preSolution
		Debug|Any CPU = Debug|Any CPU
		Release|Any CPU = Release|Any CPU
	EndGlobalSection
	GlobalSection(ProjectConfigurationPlatforms) = postSolution
		{F4649D4A-C150-401F-A1E0-620105A66367}.Debug|Any CPU.ActiveCfg = Debug|Any CPU
		{F4649D4A-C150-401F-A1E0-620105A66367}.Release|Any CPU.ActiveCfg = Release|Any CPU
	EndGlobalSection
	GlobalSection(SolutionProperties) = preSolution
		HideSolutionNode = FALSE
	EndGlobalSection
	GlobalSection(ExtensibilityGlobals) = postSolution
		SolutionGuid = {D511AB40-4581-4742-A742-40251D57FC5A}
	EndGlobalSection
EndGlobal
